# This file was autogenerated by Stack.
# You should not edit this file by hand.
# For more information, please see the documentation at:
#   https://docs.haskellstack.org/en/stable/lock_files

packages:
- completed:
    hackage: base16-bytestring-1.0.1.0@sha256:33b9d57afa334d06485033e930c6b13fc760baf88fd8f715ae2f9a4b46e19a54,2641
    pantry-tree:
      size: 595
      sha256: 24661ef9b1089d468227300f8ceb89194b5cce68b9f6ed8109b01f63c07f54e3
  original:
    hackage: base16-bytestring-1.0.1.0
- completed:
    hackage: cairo-0.13.5.0@sha256:1d00ce1828b6725579cbbb0ce3c3e960d54d9413f5bc29e748b3c93245c25380,4060
    pantry-tree:
      size: 2830
      sha256: 1cbc5112ca16afce1303563943735877413ca4139bc24c835be8af2db0ac7a93
  original:
    hackage: cairo-0.13.5.0
- completed:
    hackage: gtk-0.15.0@sha256:a76d280dbeefbe08cf021c31bcd51c09cda97ebee7934debbfc14e1da4220b78,16562
    pantry-tree:
      size: 21349
      sha256: 8e4dacebea7e899a8ea9e3c6254186d55d8889c74c8927ff32b4a865d4d58a8b
  original:
    hackage: gtk-0.15.0
snapshots:
- completed:
    size: 567679
    url: https://raw.githubusercontent.com/commercialhaskell/stackage-snapshots/master/lts/17/15.yaml
    sha256: 72e87841a0ab5b72f6f018e8ee692fd972b7bb32a944990f028e10d6eb528e63
  original: lts-17.15
